// !$*UTF8*$!
{
	archiveVersion = 1;
	classes = {
	};
	objectVersion = 46;
	objects = {

/* Begin PBXBuildFile section */
		18295D4F182BF4FD00ADF213 /* DetailsViewController.m in Sources */ = {isa = PBXBuildFile; fileRef = 18295D4D182BF4FD00ADF213 /* DetailsViewController.m */; };
		18295D5D182C28AE00ADF213 /* TodoCell.m in Sources */ = {isa = PBXBuildFile; fileRef = 18295D5C182C28AE00ADF213 /* TodoCell.m */; };
		183C28551826BF5E00CEC80C /* TodosTableViewController.m in Sources */ = {isa = PBXBuildFile; fileRef = 183C28531826BF5E00CEC80C /* TodosTableViewController.m */; };
		183C285A1826D53D00CEC80C /* Todo.m in Sources */ = {isa = PBXBuildFile; fileRef = 183C28591826D53D00CEC80C /* Todo.m */; };
		188F4758182D079100A83831 /* StepDetailsViewController.m in Sources */ = {isa = PBXBuildFile; fileRef = 188F4757182D079100A83831 /* StepDetailsViewController.m */; };
		189409AC18311251006425DD /* TodoDetailsViewController.m in Sources */ = {isa = PBXBuildFile; fileRef = 189409AA18311251006425DD /* TodoDetailsViewController.m */; };
		189409AD18311251006425DD /* TodoDetailsViewController.xib in Resources */ = {isa = PBXBuildFile; fileRef = 189409AB18311251006425DD /* TodoDetailsViewController.xib */; };
		1894BDF21826791300CDA37E /* Foundation.framework in Frameworks */ = {isa = PBXBuildFile; fileRef = 1894BDF11826791300CDA37E /* Foundation.framework */; };
		1894BDF41826791300CDA37E /* CoreGraphics.framework in Frameworks */ = {isa = PBXBuildFile; fileRef = 1894BDF31826791300CDA37E /* CoreGraphics.framework */; };
		1894BDF61826791300CDA37E /* UIKit.framework in Frameworks */ = {isa = PBXBuildFile; fileRef = 1894BDF51826791300CDA37E /* UIKit.framework */; };
		1894BDF81826791300CDA37E /* CoreData.framework in Frameworks */ = {isa = PBXBuildFile; fileRef = 1894BDF71826791300CDA37E /* CoreData.framework */; };
		1894BDFE1826791300CDA37E /* InfoPlist.strings in Resources */ = {isa = PBXBuildFile; fileRef = 1894BDFC1826791300CDA37E /* InfoPlist.strings */; };
		1894BE001826791300CDA37E /* main.m in Sources */ = {isa = PBXBuildFile; fileRef = 1894BDFF1826791300CDA37E /* main.m */; };
		1894BE041826791300CDA37E /* AppDelegate.m in Sources */ = {isa = PBXBuildFile; fileRef = 1894BE031826791300CDA37E /* AppDelegate.m */; };
		1894BE071826791300CDA37E /* TodoOrganizer.xcdatamodeld in Sources */ = {isa = PBXBuildFile; fileRef = 1894BE051826791300CDA37E /* TodoOrganizer.xcdatamodeld */; };
		1894BE091826791300CDA37E /* Images.xcassets in Resources */ = {isa = PBXBuildFile; fileRef = 1894BE081826791300CDA37E /* Images.xcassets */; };
		1894BE101826791300CDA37E /* XCTest.framework in Frameworks */ = {isa = PBXBuildFile; fileRef = 1894BE0F1826791300CDA37E /* XCTest.framework */; };
		1894BE111826791300CDA37E /* Foundation.framework in Frameworks */ = {isa = PBXBuildFile; fileRef = 1894BDF11826791300CDA37E /* Foundation.framework */; };
		1894BE121826791300CDA37E /* UIKit.framework in Frameworks */ = {isa = PBXBuildFile; fileRef = 1894BDF51826791300CDA37E /* UIKit.framework */; };
		1894BE131826791300CDA37E /* CoreData.framework in Frameworks */ = {isa = PBXBuildFile; fileRef = 1894BDF71826791300CDA37E /* CoreData.framework */; };
		1896ED5C18292B1800DB28E6 /* AddTodoViewController.m in Sources */ = {isa = PBXBuildFile; fileRef = 1896ED5B18292B1800DB28E6 /* AddTodoViewController.m */; };
		189C80E1182A9F9E008E0BFD /* Step.m in Sources */ = {isa = PBXBuildFile; fileRef = 189C80E0182A9F9E008E0BFD /* Step.m */; };
/* End PBXBuildFile section */

/* Begin PBXContainerItemProxy section */
		1894BE141826791300CDA37E /* PBXContainerItemProxy */ = {
			isa = PBXContainerItemProxy;
			containerPortal = 1894BDE61826791200CDA37E /* Project object */;
			proxyType = 1;
			remoteGlobalIDString = 1894BDED1826791200CDA37E;
			remoteInfo = TodoOrganizer;
		};
/* End PBXContainerItemProxy section */

/* Begin PBXFileReference section */
		18295D4C182BF4FD00ADF213 /* DetailsViewController.h */ = {isa = PBXFileReference; fileEncoding = 4; lastKnownFileType = sourcecode.c.h; path = DetailsViewController.h; sourceTree = "<group>"; };
		18295D4D182BF4FD00ADF213 /* DetailsViewController.m */ = {isa = PBXFileReference; fileEncoding = 4; lastKnownFileType = sourcecode.c.objc; path = DetailsViewController.m; sourceTree = "<group>"; };
		18295D5B182C28AE00ADF213 /* TodoCell.h */ = {isa = PBXFileReference; fileEncoding = 4; lastKnownFileType = sourcecode.c.h; path = TodoCell.h; sourceTree = "<group>"; };
		18295D5C182C28AE00ADF213 /* TodoCell.m */ = {isa = PBXFileReference; fileEncoding = 4; lastKnownFileType = sourcecode.c.objc; path = TodoCell.m; sourceTree = "<group>"; };
		183C28521826BF5E00CEC80C /* TodosTableViewController.h */ = {isa = PBXFileReference; fileEncoding = 4; lastKnownFileType = sourcecode.c.h; path = TodosTableViewController.h; sourceTree = "<group>"; };
		183C28531826BF5E00CEC80C /* TodosTableViewController.m */ = {isa = PBXFileReference; fileEncoding = 4; lastKnownFileType = sourcecode.c.objc; path = TodosTableViewController.m; sourceTree = "<group>"; };
		183C28581826D53D00CEC80C /* Todo.h */ = {isa = PBXFileReference; fileEncoding = 4; lastKnownFileType = sourcecode.c.h; path = Todo.h; sourceTree = "<group>"; };
		183C28591826D53D00CEC80C /* Todo.m */ = {isa = PBXFileReference; fileEncoding = 4; lastKnownFileType = sourcecode.c.objc; path = Todo.m; sourceTree = "<group>"; };
		188F4756182D079100A83831 /* StepDetailsViewController.h */ = {isa = PBXFileReference; fileEncoding = 4; lastKnownFileType = sourcecode.c.h; path = StepDetailsViewController.h; sourceTree = "<group>"; };
		188F4757182D079100A83831 /* StepDetailsViewController.m */ = {isa = PBXFileReference; fileEncoding = 4; lastKnownFileType = sourcecode.c.objc; path = StepDetailsViewController.m; sourceTree = "<group>"; };
		189409A918311251006425DD /* TodoDetailsViewController.h */ = {isa = PBXFileReference; fileEncoding = 4; lastKnownFileType = sourcecode.c.h; path = TodoDetailsViewController.h; sourceTree = "<group>"; };
		189409AA18311251006425DD /* TodoDetailsViewController.m */ = {isa = PBXFileReference; fileEncoding = 4; lastKnownFileType = sourcecode.c.objc; path = TodoDetailsViewController.m; sourceTree = "<group>"; };
		189409AB18311251006425DD /* TodoDetailsViewController.xib */ = {isa = PBXFileReference; fileEncoding = 4; lastKnownFileType = file.xib; path = TodoDetailsViewController.xib; sourceTree = "<group>"; };
		1894BDEE1826791300CDA37E /* TodoOrganizer.app */ = {isa = PBXFileReference; explicitFileType = wrapper.application; includeInIndex = 0; path = TodoOrganizer.app; sourceTree = BUILT_PRODUCTS_DIR; };
		1894BDF11826791300CDA37E /* Foundation.framework */ = {isa = PBXFileReference; lastKnownFileType = wrapper.framework; name = Foundation.framework; path = System/Library/Frameworks/Foundation.framework; sourceTree = SDKROOT; };
		1894BDF31826791300CDA37E /* CoreGraphics.framework */ = {isa = PBXFileReference; lastKnownFileType = wrapper.framework; name = CoreGraphics.framework; path = System/Library/Frameworks/CoreGraphics.framework; sourceTree = SDKROOT; };
		1894BDF51826791300CDA37E /* UIKit.framework */ = {isa = PBXFileReference; lastKnownFileType = wrapper.framework; name = UIKit.framework; path = System/Library/Frameworks/UIKit.framework; sourceTree = SDKROOT; };
		1894BDF71826791300CDA37E /* CoreData.framework */ = {isa = PBXFileReference; lastKnownFileType = wrapper.framework; name = CoreData.framework; path = System/Library/Frameworks/CoreData.framework; sourceTree = SDKROOT; };
		1894BDFB1826791300CDA37E /* TodoOrganizer-Info.plist */ = {isa = PBXFileReference; lastKnownFileType = text.plist.xml; path = "TodoOrganizer-Info.plist"; sourceTree = "<group>"; };
		1894BDFD1826791300CDA37E /* en */ = {isa = PBXFileReference; lastKnownFileType = text.plist.strings; name = en; path = en.lproj/InfoPlist.strings; sourceTree = "<group>"; };
		1894BDFF1826791300CDA37E /* main.m */ = {isa = PBXFileReference; lastKnownFileType = sourcecode.c.objc; path = main.m; sourceTree = "<group>"; };
		1894BE011826791300CDA37E /* TodoOrganizer-Prefix.pch */ = {isa = PBXFileReference; lastKnownFileType = sourcecode.c.h; path = "TodoOrganizer-Prefix.pch"; sourceTree = "<group>"; };
		1894BE021826791300CDA37E /* AppDelegate.h */ = {isa = PBXFileReference; lastKnownFileType = sourcecode.c.h; path = AppDelegate.h; sourceTree = "<group>"; };
		1894BE031826791300CDA37E /* AppDelegate.m */ = {isa = PBXFileReference; lastKnownFileType = sourcecode.c.objc; path = AppDelegate.m; sourceTree = "<group>"; };
		1894BE061826791300CDA37E /* TodoOrganizer.xcdatamodel */ = {isa = PBXFileReference; lastKnownFileType = wrapper.xcdatamodel; path = TodoOrganizer.xcdatamodel; sourceTree = "<group>"; };
		1894BE081826791300CDA37E /* Images.xcassets */ = {isa = PBXFileReference; lastKnownFileType = folder.assetcatalog; path = Images.xcassets; sourceTree = "<group>"; };
		1894BE0E1826791300CDA37E /* TodoOrganizerTests.xctest */ = {isa = PBXFileReference; explicitFileType = wrapper.cfbundle; includeInIndex = 0; path = TodoOrganizerTests.xctest; sourceTree = BUILT_PRODUCTS_DIR; };
		1894BE0F1826791300CDA37E /* XCTest.framework */ = {isa = PBXFileReference; lastKnownFileType = wrapper.framework; name = XCTest.framework; path = Library/Frameworks/XCTest.framework; sourceTree = DEVELOPER_DIR; };
		1896ED5A18292B1800DB28E6 /* AddTodoViewController.h */ = {isa = PBXFileReference; fileEncoding = 4; lastKnownFileType = sourcecode.c.h; path = AddTodoViewController.h; sourceTree = "<group>"; };
		1896ED5B18292B1800DB28E6 /* AddTodoViewController.m */ = {isa = PBXFileReference; fileEncoding = 4; lastKnownFileType = sourcecode.c.objc; path = AddTodoViewController.m; sourceTree = "<group>"; };
		189C80DF182A9F9E008E0BFD /* Step.h */ = {isa = PBXFileReference; fileEncoding = 4; lastKnownFileType = sourcecode.c.h; path = Step.h; sourceTree = "<group>"; };
		189C80E0182A9F9E008E0BFD /* Step.m */ = {isa = PBXFileReference; fileEncoding = 4; lastKnownFileType = sourcecode.c.objc; path = Step.m; sourceTree = "<group>"; };
/* End PBXFileReference section */

/* Begin PBXFrameworksBuildPhase section */
		1894BDEB1826791200CDA37E /* Frameworks */ = {
			isa = PBXFrameworksBuildPhase;
			buildActionMask = 2147483647;
			files = (
				1894BDF41826791300CDA37E /* CoreGraphics.framework in Frameworks */,
				1894BDF81826791300CDA37E /* CoreData.framework in Frameworks */,
				1894BDF61826791300CDA37E /* UIKit.framework in Frameworks */,
				1894BDF21826791300CDA37E /* Foundation.framework in Frameworks */,
			);
			runOnlyForDeploymentPostprocessing = 0;
		};
		1894BE0B1826791300CDA37E /* Frameworks */ = {
			isa = PBXFrameworksBuildPhase;
			buildActionMask = 2147483647;
			files = (
				1894BE101826791300CDA37E /* XCTest.framework in Frameworks */,
				1894BE131826791300CDA37E /* CoreData.framework in Frameworks */,
				1894BE121826791300CDA37E /* UIKit.framework in Frameworks */,
				1894BE111826791300CDA37E /* Foundation.framework in Frameworks */,
			);
			runOnlyForDeploymentPostprocessing = 0;
		};
/* End PBXFrameworksBuildPhase section */

/* Begin PBXGroup section */
		18295D5A182C289200ADF213 /* TableCells */ = {
			isa = PBXGroup;
			children = (
				18295D5B182C28AE00ADF213 /* TodoCell.h */,
				18295D5C182C28AE00ADF213 /* TodoCell.m */,
			);
			name = TableCells;
			sourceTree = "<group>";
		};
		183C28511826BECF00CEC80C /* ViewControllers */ = {
			isa = PBXGroup;
			children = (
				183C28521826BF5E00CEC80C /* TodosTableViewController.h */,
				183C28531826BF5E00CEC80C /* TodosTableViewController.m */,
				1896ED5A18292B1800DB28E6 /* AddTodoViewController.h */,
				1896ED5B18292B1800DB28E6 /* AddTodoViewController.m */,
				18295D4C182BF4FD00ADF213 /* DetailsViewController.h */,
				18295D4D182BF4FD00ADF213 /* DetailsViewController.m */,
				188F4756182D079100A83831 /* StepDetailsViewController.h */,
				188F4757182D079100A83831 /* StepDetailsViewController.m */,
				189409A918311251006425DD /* TodoDetailsViewController.h */,
				189409AA18311251006425DD /* TodoDetailsViewController.m */,
				189409AB18311251006425DD /* TodoDetailsViewController.xib */,
			);
			name = ViewControllers;
			path = TodoOrganizer;
			sourceTree = "<group>";
		};
		183C28571826D4E900CEC80C /* Models */ = {
			isa = PBXGroup;
			children = (
				183C28581826D53D00CEC80C /* Todo.h */,
				183C28591826D53D00CEC80C /* Todo.m */,
				189C80DF182A9F9E008E0BFD /* Step.h */,
				189C80E0182A9F9E008E0BFD /* Step.m */,
			);
			name = Models;
			sourceTree = "<group>";
		};
		183C285B1826D58700CEC80C /* Resources */ = {
			isa = PBXGroup;
			children = (
				1894BE051826791300CDA37E /* TodoOrganizer.xcdatamodeld */,
			);
			name = Resources;
			sourceTree = "<group>";
		};
		1894BDE51826791200CDA37E = {
			isa = PBXGroup;
			children = (
				18295D5A182C289200ADF213 /* TableCells */,
				1894BDEF1826791300CDA37E /* Products */,
				1894BDF01826791300CDA37E /* Frameworks */,
				183C28571826D4E900CEC80C /* Models */,
				183C28511826BECF00CEC80C /* ViewControllers */,
				1894BDF91826791300CDA37E /* TodoOrganizer */,
				183C285B1826D58700CEC80C /* Resources */,
			);
			sourceTree = "<group>";
		};
		1894BDEF1826791300CDA37E /* Products */ = {
			isa = PBXGroup;
			children = (
				1894BDEE1826791300CDA37E /* TodoOrganizer.app */,
				1894BE0E1826791300CDA37E /* TodoOrganizerTests.xctest */,
			);
			name = Products;
			sourceTree = "<group>";
		};
		1894BDF01826791300CDA37E /* Frameworks */ = {
			isa = PBXGroup;
			children = (
				1894BDF11826791300CDA37E /* Foundation.framework */,
				1894BDF31826791300CDA37E /* CoreGraphics.framework */,
				1894BDF51826791300CDA37E /* UIKit.framework */,
				1894BDF71826791300CDA37E /* CoreData.framework */,
				1894BE0F1826791300CDA37E /* XCTest.framework */,
			);
			name = Frameworks;
			sourceTree = "<group>";
		};
		1894BDF91826791300CDA37E /* TodoOrganizer */ = {
			isa = PBXGroup;
			children = (
				1894BE021826791300CDA37E /* AppDelegate.h */,
				1894BE031826791300CDA37E /* AppDelegate.m */,
				1894BE081826791300CDA37E /* Images.xcassets */,
				1894BDFA1826791300CDA37E /* Supporting Files */,
			);
			path = TodoOrganizer;
			sourceTree = "<group>";
		};
		1894BDFA1826791300CDA37E /* Supporting Files */ = {
			isa = PBXGroup;
			children = (
				1894BDFB1826791300CDA37E /* TodoOrganizer-Info.plist */,
				1894BDFC1826791300CDA37E /* InfoPlist.strings */,
				1894BDFF1826791300CDA37E /* main.m */,
				1894BE011826791300CDA37E /* TodoOrganizer-Prefix.pch */,
			);
			name = "Supporting Files";
			sourceTree = "<group>";
		};
/* End PBXGroup section */

/* Begin PBXNativeTarget section */
		1894BDED1826791200CDA37E /* TodoOrganizer */ = {
			isa = PBXNativeTarget;
			buildConfigurationList = 1894BE201826791300CDA37E /* Build configuration list for PBXNativeTarget "TodoOrganizer" */;
			buildPhases = (
				1894BDEA1826791200CDA37E /* Sources */,
				1894BDEB1826791200CDA37E /* Frameworks */,
				1894BDEC1826791200CDA37E /* Resources */,
			);
			buildRules = (
			);
			dependencies = (
			);
			name = TodoOrganizer;
			productName = TodoOrganizer;
			productReference = 1894BDEE1826791300CDA37E /* TodoOrganizer.app */;
			productType = "com.apple.product-type.application";
		};
		1894BE0D1826791300CDA37E /* TodoOrganizerTests */ = {
			isa = PBXNativeTarget;
			buildConfigurationList = 1894BE231826791300CDA37E /* Build configuration list for PBXNativeTarget "TodoOrganizerTests" */;
			buildPhases = (
				1894BE0A1826791300CDA37E /* Sources */,
				1894BE0B1826791300CDA37E /* Frameworks */,
				1894BE0C1826791300CDA37E /* Resources */,
			);
			buildRules = (
			);
			dependencies = (
				1894BE151826791300CDA37E /* PBXTargetDependency */,
			);
			name = TodoOrganizerTests;
			productName = TodoOrganizerTests;
			productReference = 1894BE0E1826791300CDA37E /* TodoOrganizerTests.xctest */;
			productType = "com.apple.product-type.bundle.unit-test";
		};
/* End PBXNativeTarget section */

/* Begin PBXProject section */
		1894BDE61826791200CDA37E /* Project object */ = {
			isa = PBXProject;
			attributes = {
				LastUpgradeCheck = 0500;
				ORGANIZATIONNAME = Some;
				TargetAttributes = {
					1894BE0D1826791300CDA37E = {
						TestTargetID = 1894BDED1826791200CDA37E;
					};
				};
			};
			buildConfigurationList = 1894BDE91826791200CDA37E /* Build configuration list for PBXProject "TodoOrganizer" */;
			compatibilityVersion = "Xcode 3.2";
			developmentRegion = English;
			hasScannedForEncodings = 0;
			knownRegions = (
				en,
			);
			mainGroup = 1894BDE51826791200CDA37E;
			productRefGroup = 1894BDEF1826791300CDA37E /* Products */;
			projectDirPath = "";
			projectRoot = "";
			targets = (
				1894BDED1826791200CDA37E /* TodoOrganizer */,
				1894BE0D1826791300CDA37E /* TodoOrganizerTests */,
			);
		};
/* End PBXProject section */

/* Begin PBXResourcesBuildPhase section */
		1894BDEC1826791200CDA37E /* Resources */ = {
			isa = PBXResourcesBuildPhase;
			buildActionMask = 2147483647;
			files = (
				189409AD18311251006425DD /* TodoDetailsViewController.xib in Resources */,
				1894BDFE1826791300CDA37E /* InfoPlist.strings in Resources */,
				1894BE091826791300CDA37E /* Images.xcassets in Resources */,
			);
			runOnlyForDeploymentPostprocessing = 0;
		};
		1894BE0C1826791300CDA37E /* Resources */ = {
			isa = PBXResourcesBuildPhase;
			buildActionMask = 2147483647;
			files = (
			);
			runOnlyForDeploymentPostprocessing = 0;
		};
/* End PBXResourcesBuildPhase section */

/* Begin PBXSourcesBuildPhase section */
		1894BDEA1826791200CDA37E /* Sources */ = {
			isa = PBXSourcesBuildPhase;
			buildActionMask = 2147483647;
			files = (
				1896ED5C18292B1800DB28E6 /* AddTodoViewController.m in Sources */,
				18295D4F182BF4FD00ADF213 /* DetailsViewController.m in Sources */,
				188F4758182D079100A83831 /* StepDetailsViewController.m in Sources */,
				183C285A1826D53D00CEC80C /* Todo.m in Sources */,
				1894BE041826791300CDA37E /* AppDelegate.m in Sources */,
				183C28551826BF5E00CEC80C /* TodosTableViewController.m in Sources */,
				1894BE071826791300CDA37E /* TodoOrganizer.xcdatamodeld in Sources */,
				189C80E1182A9F9E008E0BFD /* Step.m in Sources */,
				189409AC18311251006425DD /* TodoDetailsViewController.m in Sources */,
				1894BE001826791300CDA37E /* main.m in Sources */,
				18295D5D182C28AE00ADF213 /* TodoCell.m in Sources */,
			);
			runOnlyForDeploymentPostprocessing = 0;
		};
		1894BE0A1826791300CDA37E /* Sources */ = {
			isa = PBXSourcesBuildPhase;
			buildActionMask = 2147483647;
			files = (
			);
			runOnlyForDeploymentPostprocessing = 0;
		};
/* End PBXSourcesBuildPhase section */

/* Begin PBXTargetDependency section */
		1894BE151826791300CDA37E /* PBXTargetDependency */ = {
			isa = PBXTargetDependency;
			target = 1894BDED1826791200CDA37E /* TodoOrganizer */;
			targetProxy = 1894BE141826791300CDA37E /* PBXContainerItemProxy */;
		};
/* End PBXTargetDependency section */

/* Begin PBXVariantGroup section */
		1894BDFC1826791300CDA37E /* InfoPlist.strings */ = {
			isa = PBXVariantGroup;
			children = (
				1894BDFD1826791300CDA37E /* en */,
			);
			name = InfoPlist.strings;
			sourceTree = "<group>";
		};
/* End PBXVariantGroup section */

/* Begin XCBuildConfiguration section */
		1894BE1E1826791300CDA37E /* Debug */ = {
			isa = XCBuildConfiguration;
			buildSettings = {
				ALWAYS_SEARCH_USER_PATHS = NO;
				ARCHS = "$(ARCHS_STANDARD_INCLUDING_64_BIT)";
				CLANG_CXX_LANGUAGE_STANDARD = "gnu++0x";
				CLANG_CXX_LIBRARY = "libc++";
				CLANG_ENABLE_MODULES = YES;
				CLANG_ENABLE_OBJC_ARC = YES;
				CLANG_WARN_BOOL_CONVERSION = YES;
				CLANG_WARN_CONSTANT_CONVERSION = YES;
				CLANG_WARN_DIRECT_OBJC_ISA_USAGE = YES_ERROR;
				CLANG_WARN_EMPTY_BODY = YES;
				CLANG_WARN_ENUM_CONVERSION = YES;
				CLANG_WARN_INT_CONVERSION = YES;
				CLANG_WARN_OBJC_ROOT_CLASS = YES_ERROR;
				CLANG_WARN__DUPLICATE_METHOD_MATCH = YES;
				"CODE_SIGN_IDENTITY[sdk=iphoneos*]" = "iPhone Developer";
				COPY_PHASE_STRIP = NO;
				GCC_C_LANGUAGE_STANDARD = gnu99;
				GCC_DYNAMIC_NO_PIC = NO;
				GCC_OPTIMIZATION_LEVEL = 0;
				GCC_PREPROCESSOR_DEFINITIONS = (
					"DEBUG=1",
					"$(inherited)",
				);
				GCC_SYMBOLS_PRIVATE_EXTERN = NO;
				GCC_WARN_64_TO_32_BIT_CONVERSION = YES;
				GCC_WARN_ABOUT_RETURN_TYPE = YES_ERROR;
				GCC_WARN_UNDECLARED_SELECTOR = YES;
				GCC_WARN_UNINITIALIZED_AUTOS = YES;
				GCC_WARN_UNUSED_FUNCTION = YES;
				GCC_WARN_UNUSED_VARIABLE = YES;
				IPHONEOS_DEPLOYMENT_TARGET = 7.0;
				ONLY_ACTIVE_ARCH = YES;
				SDKROOT = iphoneos;
				TARGETED_DEVICE_FAMILY = "1,2";
			};
			name = Debug;
		};
		1894BE1F1826791300CDA37E /* Release */ = {
			isa = XCBuildConfiguration;
			buildSettings = {
				ALWAYS_SEARCH_USER_PATHS = NO;
				ARCHS = "$(ARCHS_STANDARD_INCLUDING_64_BIT)";
				CLANG_CXX_LANGUAGE_STANDARD = "gnu++0x";
				CLANG_CXX_LIBRARY = "libc++";
				CLANG_ENABLE_MODULES = YES;
				CLANG_ENABLE_OBJC_ARC = YES;
				CLANG_WARN_BOOL_CONVERSION = YES;
				CLANG_WARN_CONSTANT_CONVERSION = YES;
				CLANG_WARN_DIRECT_OBJC_ISA_USAGE = YES_ERROR;
				CLANG_WARN_EMPTY_BODY = YES;
				CLANG_WARN_ENUM_CONVERSION = YES;
				CLANG_WARN_INT_CONVERSION = YES;
				CLANG_WARN_OBJC_ROOT_CLASS = YES_ERROR;
				CLANG_WARN__DUPLICATE_METHOD_MATCH = YES;
				"CODE_SIGN_IDENTITY[sdk=iphoneos*]" = "iPhone Developer";
				COPY_PHASE_STRIP = YES;
				ENABLE_NS_ASSERTIONS = NO;
				GCC_C_LANGUAGE_STANDARD = gnu99;
				GCC_WARN_64_TO_32_BIT_CONVERSION = YES;
				GCC_WARN_ABOUT_RETURN_TYPE = YES_ERROR;
				GCC_WARN_UNDECLARED_SELECTOR = YES;
				GCC_WARN_UNINITIALIZED_AUTOS = YES;
				GCC_WARN_UNUSED_FUNCTION = YES;
				GCC_WARN_UNUSED_VARIABLE = YES;
				IPHONEOS_DEPLOYMENT_TARGET = 7.0;
				SDKROOT = iphoneos;
				TARGETED_DEVICE_FAMILY = "1,2";
				VALIDATE_PRODUCT = YES;
			};
			name = Release;
		};
		1894BE211826791300CDA37E /* Debug */ = {
			isa = XCBuildConfiguration;
			buildSettings = {
				ASSETCATALOG_COMPILER_APPICON_NAME = AppIcon;
				ASSETCATALOG_COMPILER_LAUNCHIMAGE_NAME = LaunchImage;
				GCC_PRECOMPILE_PREFIX_HEADER = YES;
				GCC_PREFIX_HEADER = "TodoOrganizer/TodoOrganizer-Prefix.pch";
				INFOPLIST_FILE = "TodoOrganizer/TodoOrganizer-Info.plist";
				PRODUCT_NAME = "$(TARGET_NAME)";
				WRAPPER_EXTENSION = app;
			};
			name = Debug;
		};
		1894BE221826791300CDA37E /* Release */ = {
			isa = XCBuildConfiguration;
			buildSettings = {
				ASSETCATALOG_COMPILER_APPICON_NAME = AppIcon;
				ASSETCATALOG_COMPILER_LAUNCHIMAGE_NAME = LaunchImage;
				GCC_PRECOMPILE_PREFIX_HEADER = YES;
				GCC_PREFIX_HEADER = "TodoOrganizer/TodoOrganizer-Prefix.pch";
				INFOPLIST_FILE = "TodoOrganizer/TodoOrganizer-Info.plist";
				PRODUCT_NAME = "$(TARGET_NAME)";
				WRAPPER_EXTENSION = app;
			};
			name = Release;
		};
		1894BE241826791300CDA37E /* Debug */ = {
			isa = XCBuildConfiguration;
			buildSettings = {
				ARCHS = "$(ARCHS_STANDARD_INCLUDING_64_BIT)";
				BUNDLE_LOADER = "$(BUILT_PRODUCTS_DIR)/TodoOrganizer.app/TodoOrganizer";
				FRAMEWORK_SEARCH_PATHS = (
					"$(SDKROOT)/Developer/Library/Frameworks",
					"$(inherited)",
					"$(DEVELOPER_FRAMEWORKS_DIR)",
				);
				GCC_PRECOMPILE_PREFIX_HEADER = YES;
				GCC_PREFIX_HEADER = "TodoOrganizer/TodoOrganizer-Prefix.pch";
				GCC_PREPROCESSOR_DEFINITIONS = (
					"DEBUG=1",
					"$(inherited)",
				);
				INFOPLIST_FILE = "TodoOrganizerTests/TodoOrganizerTests-Info.plist";
				PRODUCT_NAME = "$(TARGET_NAME)";
				TEST_HOST = "$(BUNDLE_LOADER)";
				WRAPPER_EXTENSION = xctest;
			};
			name = Debug;
		};
		1894BE251826791300CDA37E /* Release */ = {
			isa = XCBuildConfiguration;
			buildSettings = {
				ARCHS = "$(ARCHS_STANDARD_INCLUDING_64_BIT)";
				BUNDLE_LOADER = "$(BUILT_PRODUCTS_DIR)/TodoOrganizer.app/TodoOrganizer";
				FRAMEWORK_SEARCH_PATHS = (
					"$(SDKROOT)/Developer/Library/Frameworks",
					"$(inherited)",
					"$(DEVELOPER_FRAMEWORKS_DIR)",
				);
				GCC_PRECOMPILE_PREFIX_HEADER = YES;
				GCC_PREFIX_HEADER = "TodoOrganizer/TodoOrganizer-Prefix.pch";
				INFOPLIST_FILE = "TodoOrganizerTests/TodoOrganizerTests-Info.plist";
				PRODUCT_NAME = "$(TARGET_NAME)";
				TEST_HOST = "$(BUNDLE_LOADER)";
				WRAPPER_EXTENSION = xctest;
			};
			name = Release;
		};
/* End XCBuildConfiguration section */

/* Begin XCConfigurationList section */
		1894BDE91826791200CDA37E /* Build configuration list for PBXProject "TodoOrganizer" */ = {
			isa = XCConfigurationList;
			buildConfigurations = (
				1894BE1E1826791300CDA37E /* Debug */,
				1894BE1F1826791300CDA37E /* Release */,
			);
			defaultConfigurationIsVisible = 0;
			defaultConfigurationName = Release;
		};
		1894BE201826791300CDA37E /* Build configuration list for PBXNativeTarget "TodoOrganizer" */ = {
			isa = XCConfigurationList;
			buildConfigurations = (
				1894BE211826791300CDA37E /* Debug */,
				1894BE221826791300CDA37E /* Release */,
			);
			defaultConfigurationIsVisible = 0;
			defaultConfigurationName = Release;
		};
		1894BE231826791300CDA37E /* Build configuration list for PBXNativeTarget "TodoOrganizerTests" */ = {
			isa = XCConfigurationList;
			buildConfigurations = (
				1894BE241826791300CDA37E /* Debug */,
				1894BE251826791300CDA37E /* Release */,
			);
			defaultConfigurationIsVisible = 0;
			defaultConfigurationName = Release;
		};
/* End XCConfigurationList section */

/* Begin XCVersionGroup section */
		1894BE051826791300CDA37E /* TodoOrganizer.xcdatamodeld */ = {
			isa = XCVersionGroup;
			children = (
				1894BE061826791300CDA37E /* TodoOrganizer.xcdatamodel */,
			);
			currentVersion = 1894BE061826791300CDA37E /* TodoOrganizer.xcdatamodel */;
			name = TodoOrganizer.xcdatamodeld;
			path = TodoOrganizer/TodoOrganizer.xcdatamodeld;
			sourceTree = "<group>";
			versionGroupType = wrapper.xcdatamodel;
		};
/* End XCVersionGroup section */
	};
	rootObject = 1894BDE61826791200CDA37E /* Project object */;
}
